// !$*UTF8*$!
{
	archiveVersion = 1;
	classes = {
	};
	objectVersion = 46;
	objects = {

/* Begin PBXBuildFile section */
		EC8057691E0A4D560045E34D /* TestFuncArgs.cpp in Sources */ = {isa = PBXBuildFile; fileRef = EC8057671E0A4D560045E34D /* TestFuncArgs.cpp */; };
		EC961D301E126E700014C7B1 /* TestMacroDefine.cpp in Sources */ = {isa = PBXBuildFile; fileRef = EC961D2E1E126E700014C7B1 /* TestMacroDefine.cpp */; };
		ECD9D55A1E0A3E6800FDD03A /* main.cpp in Sources */ = {isa = PBXBuildFile; fileRef = ECD9D5591E0A3E6800FDD03A /* main.cpp */; };
/* End PBXBuildFile section */

/* Begin PBXCopyFilesBuildPhase section */
		ECD9D5541E0A3E6700FDD03A /* CopyFiles */ = {
			isa = PBXCopyFilesBuildPhase;
			buildActionMask = 2147483647;
			dstPath = /usr/share/man/man1/;
			dstSubfolderSpec = 0;
			files = (
			);
			runOnlyForDeploymentPostprocessing = 1;
		};
/* End PBXCopyFilesBuildPhase section */

/* Begin PBXFileReference section */
		EC8057671E0A4D560045E34D /* TestFuncArgs.cpp */ = {isa = PBXFileReference; fileEncoding = 4; lastKnownFileType = sourcecode.cpp.cpp; path = TestFuncArgs.cpp; sourceTree = "<group>"; };
		EC8057681E0A4D560045E34D /* TestFuncArgs.hpp */ = {isa = PBXFileReference; fileEncoding = 4; lastKnownFileType = sourcecode.cpp.h; path = TestFuncArgs.hpp; sourceTree = "<group>"; };
		EC961D2E1E126E700014C7B1 /* TestMacroDefine.cpp */ = {isa = PBXFileReference; fileEncoding = 4; lastKnownFileType = sourcecode.cpp.cpp; path = TestMacroDefine.cpp; sourceTree = "<group>"; };
		EC961D2F1E126E700014C7B1 /* TestMacroDefine.hpp */ = {isa = PBXFileReference; fileEncoding = 4; lastKnownFileType = sourcecode.cpp.h; path = TestMacroDefine.hpp; sourceTree = "<group>"; };
		ECD9D5561E0A3E6800FDD03A /* AggregateTestCPP */ = {isa = PBXFileReference; explicitFileType = "compiled.mach-o.executable"; includeInIndex = 0; path = AggregateTestCPP; sourceTree = BUILT_PRODUCTS_DIR; };
		ECD9D5591E0A3E6800FDD03A /* main.cpp */ = {isa = PBXFileReference; lastKnownFileType = sourcecode.cpp.cpp; path = main.cpp; sourceTree = "<group>"; };
/* End PBXFileReference section */

/* Begin PBXFrameworksBuildPhase section */
		ECD9D5531E0A3E6700FDD03A /* Frameworks */ = {
			isa = PBXFrameworksBuildPhase;
			buildActionMask = 2147483647;
			files = (
			);
			runOnlyForDeploymentPostprocessing = 0;
		};
/* End PBXFrameworksBuildPhase section */

/* Begin PBXGroup section */
		EC8057661E0A4D360045E34D /* TestStd */ = {
			isa = PBXGroup;
			children = (
				EC961D2F1E126E700014C7B1 /* TestMacroDefine.hpp */,
				EC961D2E1E126E700014C7B1 /* TestMacroDefine.cpp */,
				EC8057681E0A4D560045E34D /* TestFuncArgs.hpp */,
				EC8057671E0A4D560045E34D /* TestFuncArgs.cpp */,
			);
			path = TestStd;
			sourceTree = "<group>";
		};
		ECD9D54D1E0A3E6700FDD03A = {
			isa = PBXGroup;
			children = (
				ECD9D5581E0A3E6800FDD03A /* AggregateTestCPP */,
				ECD9D5571E0A3E6800FDD03A /* Products */,
			);
			sourceTree = "<group>";
		};
		ECD9D5571E0A3E6800FDD03A /* Products */ = {
			isa = PBXGroup;
			children = (
				ECD9D5561E0A3E6800FDD03A /* AggregateTestCPP */,
			);
			name = Products;
			sourceTree = "<group>";
		};
		ECD9D5581E0A3E6800FDD03A /* AggregateTestCPP */ = {
			isa = PBXGroup;
			children = (
				EC8057661E0A4D360045E34D /* TestStd */,
				ECD9D5591E0A3E6800FDD03A /* main.cpp */,
			);
			path = AggregateTestCPP;
			sourceTree = "<group>";
		};
/* End PBXGroup section */

/* Begin PBXNativeTarget section */
		ECD9D5551E0A3E6700FDD03A /* AggregateTestCPP */ = {
			isa = PBXNativeTarget;
			buildConfigurationList = ECD9D55D1E0A3E6800FDD03A /* Build configuration list for PBXNativeTarget "AggregateTestCPP" */;
			buildPhases = (
				ECD9D5521E0A3E6700FDD03A /* Sources */,
				ECD9D5531E0A3E6700FDD03A /* Frameworks */,
				ECD9D5541E0A3E6700FDD03A /* CopyFiles */,
			);
			buildRules = (
			);
			dependencies = (
			);
			name = AggregateTestCPP;
			productName = AggregateTestCPP;
			productReference = ECD9D5561E0A3E6800FDD03A /* AggregateTestCPP */;
			productType = "com.apple.product-type.tool";
		};
/* End PBXNativeTarget section */

/* Begin PBXProject section */
		ECD9D54E1E0A3E6700FDD03A /* Project object */ = {
			isa = PBXProject;
			attributes = {
				LastUpgradeCheck = 0800;
				ORGANIZATIONNAME = "袁峥";
				TargetAttributes = {
					ECD9D5551E0A3E6700FDD03A = {
						CreatedOnToolsVersion = 8.0;
						ProvisioningStyle = Automatic;
					};
				};
			};
			buildConfigurationList = ECD9D5511E0A3E6700FDD03A /* Build configuration list for PBXProject "AggregateTestCPP" */;
			compatibilityVersion = "Xcode 3.2";
			developmentRegion = English;
			hasScannedForEncodings = 0;
			knownRegions = (
				en,
			);
			mainGroup = ECD9D54D1E0A3E6700FDD03A;
			productRefGroup = ECD9D5571E0A3E6800FDD03A /* Products */;
			projectDirPath = "";
			projectRoot = "";
			targets = (
				ECD9D5551E0A3E6700FDD03A /* AggregateTestCPP */,
			);
		};
/* End PBXProject section */

/* Begin PBXSourcesBuildPhase section */
		ECD9D5521E0A3E6700FDD03A /* Sources */ = {
			isa = PBXSourcesBuildPhase;
			buildActionMask = 2147483647;
			files = (
				EC8057691E0A4D560045E34D /* TestFuncArgs.cpp in Sources */,
				EC961D301E126E700014C7B1 /* TestMacroDefine.cpp in Sources */,
				ECD9D55A1E0A3E6800FDD03A /* main.cpp in Sources */,
			);
			runOnlyForDeploymentPostprocessing = 0;
		};
/* End PBXSourcesBuildPhase section */

/* Begin XCBuildConfiguration section */
		ECD9D55B1E0A3E6800FDD03A /* Debug */ = {
			isa = XCBuildConfiguration;
			buildSettings = {
				ALWAYS_SEARCH_USER_PATHS = NO;
				CLANG_ANALYZER_NONNULL = YES;
				CLANG_CXX_LANGUAGE_STANDARD = "gnu++0x";
				CLANG_CXX_LIBRARY = "libc++";
				CLANG_ENABLE_MODULES = YES;
				CLANG_ENABLE_OBJC_ARC = YES;
				CLANG_WARN_BOOL_CONVERSION = YES;
				CLANG_WARN_CONSTANT_CONVERSION = YES;
				CLANG_WARN_DIRECT_OBJC_ISA_USAGE = YES_ERROR;
				CLANG_WARN_DOCUMENTATION_COMMENTS = YES;
				CLANG_WARN_EMPTY_BODY = YES;
				CLANG_WARN_ENUM_CONVERSION = YES;
				CLANG_WARN_INFINITE_RECURSION = YES;
				CLANG_WARN_INT_CONVERSION = YES;
				CLANG_WARN_OBJC_ROOT_CLASS = YES_ERROR;
				CLANG_WARN_SUSPICIOUS_MOVES = YES;
				CLANG_WARN_UNREACHABLE_CODE = YES;
				CLANG_WARN__DUPLICATE_METHOD_MATCH = YES;
				CODE_SIGN_IDENTITY = "-";
				COPY_PHASE_STRIP = NO;
				DEBUG_INFORMATION_FORMAT = dwarf;
				ENABLE_STRICT_OBJC_MSGSEND = YES;
				ENABLE_TESTABILITY = YES;
				GCC_C_LANGUAGE_STANDARD = gnu99;
				GCC_DYNAMIC_NO_PIC = NO;
				GCC_NO_COMMON_BLOCKS = YES;
				GCC_OPTIMIZATION_LEVEL = 0;
				GCC_PREPROCESSOR_DEFINITIONS = (
					"DEBUG=1",
					"$(inherited)",
				);
				GCC_WARN_64_TO_32_BIT_CONVERSION = YES;
				GCC_WARN_ABOUT_RETURN_TYPE = YES_ERROR;
				GCC_WARN_UNDECLARED_SELECTOR = YES;
				GCC_WARN_UNINITIALIZED_AUTOS = YES_AGGRESSIVE;
				GCC_WARN_UNUSED_FUNCTION = YES;
				GCC_WARN_UNUSED_VARIABLE = YES;
				MACOSX_DEPLOYMENT_TARGET = 10.11;
				MTL_ENABLE_DEBUG_INFO = YES;
				ONLY_ACTIVE_ARCH = YES;
				SDKROOT = macosx;
			};
			name = Debug;
		};
		ECD9D55C1E0A3E6800FDD03A /* Release */ = {
			isa = XCBuildConfiguration;
			buildSettings = {
				ALWAYS_SEARCH_USER_PATHS = NO;
				CLANG_ANALYZER_NONNULL = YES;
				CLANG_CXX_LANGUAGE_STANDARD = "gnu++0x";
				CLANG_CXX_LIBRARY = "libc++";
				CLANG_ENABLE_MODULES = YES;
				CLANG_ENABLE_OBJC_ARC = YES;
				CLANG_WARN_BOOL_CONVERSION = YES;
				CLANG_WARN_CONSTANT_CONVERSION = YES;
				CLANG_WARN_DIRECT_OBJC_ISA_USAGE = YES_ERROR;
				CLANG_WARN_DOCUMENTATION_COMMENTS = YES;
				CLANG_WARN_EMPTY_BODY = YES;
				CLANG_WARN_ENUM_CONVERSION = YES;
				CLANG_WARN_INFINITE_RECURSION = YES;
				CLANG_WARN_INT_CONVERSION = YES;
				CLANG_WARN_OBJC_ROOT_CLASS = YES_ERROR;
				CLANG_WARN_SUSPICIOUS_MOVES = YES;
				CLANG_WARN_UNREACHABLE_CODE = YES;
				CLANG_WARN__DUPLICATE_METHOD_MATCH = YES;
				CODE_SIGN_IDENTITY = "-";
				COPY_PHASE_STRIP = NO;
				DEBUG_INFORMATION_FORMAT = "dwarf-with-dsym";
				ENABLE_NS_ASSERTIONS = NO;
				ENABLE_STRICT_OBJC_MSGSEND = YES;
				GCC_C_LANGUAGE_STANDARD = gnu99;
				GCC_NO_COMMON_BLOCKS = YES;
				GCC_WARN_64_TO_32_BIT_CONVERSION = YES;
				GCC_WARN_ABOUT_RETURN_TYPE = YES_ERROR;
				GCC_WARN_UNDECLARED_SELECTOR = YES;
				GCC_WARN_UNINITIALIZED_AUTOS = YES_AGGRESSIVE;
				GCC_WARN_UNUSED_FUNCTION = YES;
				GCC_WARN_UNUSED_VARIABLE = YES;
				MACOSX_DEPLOYMENT_TARGET = 10.11;
				MTL_ENABLE_DEBUG_INFO = NO;
				SDKROOT = macosx;
			};
			name = Release;
		};
		ECD9D55E1E0A3E6800FDD03A /* Debug */ = {
			isa = XCBuildConfiguration;
			buildSettings = {
				OTHER_CPLUSPLUSFLAGS = "$(OTHER_CFLAGS)";
				PRODUCT_NAME = "$(TARGET_NAME)";
			};
			name = Debug;
		};
		ECD9D55F1E0A3E6800FDD03A /* Release */ = {
			isa = XCBuildConfiguration;
			buildSettings = {
				OTHER_CPLUSPLUSFLAGS = "$(OTHER_CFLAGS)";
				PRODUCT_NAME = "$(TARGET_NAME)";
			};
			name = Release;
		};
/* End XCBuildConfiguration section */

/* Begin XCConfigurationList section */
		ECD9D5511E0A3E6700FDD03A /* Build configuration list for PBXProject "AggregateTestCPP" */ = {
			isa = XCConfigurationList;
			buildConfigurations = (
				ECD9D55B1E0A3E6800FDD03A /* Debug */,
				ECD9D55C1E0A3E6800FDD03A /* Release */,
			);
			defaultConfigurationIsVisible = 0;
			defaultConfigurationName = Release;
		};
		ECD9D55D1E0A3E6800FDD03A /* Build configuration list for PBXNativeTarget "AggregateTestCPP" */ = {
			isa = XCConfigurationList;
			buildConfigurations = (
				ECD9D55E1E0A3E6800FDD03A /* Debug */,
				ECD9D55F1E0A3E6800FDD03A /* Release */,
			);
			defaultConfigurationIsVisible = 0;
			defaultConfigurationName = Release;
		};
/* End XCConfigurationList section */
	};
	rootObject = ECD9D54E1E0A3E6700FDD03A /* Project object */;
}
